// !$*UTF8*$!
{
	archiveVersion = 1;
	classes = {
	};
	objectVersion = 46;
	objects = {

/* Begin PBXBuildFile section */
		19360F5F1C4F08950086E245 /* main.m in Sources */ = {isa = PBXBuildFile; fileRef = 19360F5E1C4F08950086E245 /* main.m */; };
		19360F621C4F08950086E245 /* AppDelegate.m in Sources */ = {isa = PBXBuildFile; fileRef = 19360F611C4F08950086E245 /* AppDelegate.m */; };
		19360F651C4F08950086E245 /* ViewController.m in Sources */ = {isa = PBXBuildFile; fileRef = 19360F641C4F08950086E245 /* ViewController.m */; };
		19360F681C4F08950086E245 /* Main.storyboard in Resources */ = {isa = PBXBuildFile; fileRef = 19360F661C4F08950086E245 /* Main.storyboard */; };
		19360F6A1C4F08950086E245 /* Assets.xcassets in Resources */ = {isa = PBXBuildFile; fileRef = 19360F691C4F08950086E245 /* Assets.xcassets */; };
		19360F6D1C4F08950086E245 /* LaunchScreen.storyboard in Resources */ = {isa = PBXBuildFile; fileRef = 19360F6B1C4F08950086E245 /* LaunchScreen.storyboard */; };
		19360F781C4F08950086E245 /* AcronymFinderTests.m in Sources */ = {isa = PBXBuildFile; fileRef = 19360F771C4F08950086E245 /* AcronymFinderTests.m */; };
		19360F831C4F08950086E245 /* AcronymFinderUITests.m in Sources */ = {isa = PBXBuildFile; fileRef = 19360F821C4F08950086E245 /* AcronymFinderUITests.m */; };
/* End PBXBuildFile section */

/* Begin PBXContainerItemProxy section */
		19360F741C4F08950086E245 /* PBXContainerItemProxy */ = {
			isa = PBXContainerItemProxy;
			containerPortal = 19360F521C4F08950086E245 /* Project object */;
			proxyType = 1;
			remoteGlobalIDString = 19360F591C4F08950086E245;
			remoteInfo = AcronymFinder;
		};
		19360F7F1C4F08950086E245 /* PBXContainerItemProxy */ = {
			isa = PBXContainerItemProxy;
			containerPortal = 19360F521C4F08950086E245 /* Project object */;
			proxyType = 1;
			remoteGlobalIDString = 19360F591C4F08950086E245;
			remoteInfo = AcronymFinder;
		};
/* End PBXContainerItemProxy section */

/* Begin PBXFileReference section */
		19360F5A1C4F08950086E245 /* AcronymFinder.app */ = {isa = PBXFileReference; explicitFileType = wrapper.application; includeInIndex = 0; path = AcronymFinder.app; sourceTree = BUILT_PRODUCTS_DIR; };
		19360F5E1C4F08950086E245 /* main.m */ = {isa = PBXFileReference; lastKnownFileType = sourcecode.c.objc; path = main.m; sourceTree = "<group>"; };
		19360F601C4F08950086E245 /* AppDelegate.h */ = {isa = PBXFileReference; lastKnownFileType = sourcecode.c.h; path = AppDelegate.h; sourceTree = "<group>"; };
		19360F611C4F08950086E245 /* AppDelegate.m */ = {isa = PBXFileReference; lastKnownFileType = sourcecode.c.objc; path = AppDelegate.m; sourceTree = "<group>"; };
		19360F631C4F08950086E245 /* ViewController.h */ = {isa = PBXFileReference; lastKnownFileType = sourcecode.c.h; path = ViewController.h; sourceTree = "<group>"; };
		19360F641C4F08950086E245 /* ViewController.m */ = {isa = PBXFileReference; lastKnownFileType = sourcecode.c.objc; path = ViewController.m; sourceTree = "<group>"; };
		19360F671C4F08950086E245 /* Base */ = {isa = PBXFileReference; lastKnownFileType = file.storyboard; name = Base; path = Base.lproj/Main.storyboard; sourceTree = "<group>"; };
		19360F691C4F08950086E245 /* Assets.xcassets */ = {isa = PBXFileReference; lastKnownFileType = folder.assetcatalog; path = Assets.xcassets; sourceTree = "<group>"; };
		19360F6C1C4F08950086E245 /* Base */ = {isa = PBXFileReference; lastKnownFileType = file.storyboard; name = Base; path = Base.lproj/LaunchScreen.storyboard; sourceTree = "<group>"; };
		19360F6E1C4F08950086E245 /* Info.plist */ = {isa = PBXFileReference; lastKnownFileType = text.plist.xml; path = Info.plist; sourceTree = "<group>"; };
		19360F731C4F08950086E245 /* AcronymFinderTests.xctest */ = {isa = PBXFileReference; explicitFileType = wrapper.cfbundle; includeInIndex = 0; path = AcronymFinderTests.xctest; sourceTree = BUILT_PRODUCTS_DIR; };
		19360F771C4F08950086E245 /* AcronymFinderTests.m */ = {isa = PBXFileReference; lastKnownFileType = sourcecode.c.objc; path = AcronymFinderTests.m; sourceTree = "<group>"; };
		19360F791C4F08950086E245 /* Info.plist */ = {isa = PBXFileReference; lastKnownFileType = text.plist.xml; path = Info.plist; sourceTree = "<group>"; };
		19360F7E1C4F08950086E245 /* AcronymFinderUITests.xctest */ = {isa = PBXFileReference; explicitFileType = wrapper.cfbundle; includeInIndex = 0; path = AcronymFinderUITests.xctest; sourceTree = BUILT_PRODUCTS_DIR; };
		19360F821C4F08950086E245 /* AcronymFinderUITests.m */ = {isa = PBXFileReference; lastKnownFileType = sourcecode.c.objc; path = AcronymFinderUITests.m; sourceTree = "<group>"; };
		19360F841C4F08950086E245 /* Info.plist */ = {isa = PBXFileReference; lastKnownFileType = text.plist.xml; path = Info.plist; sourceTree = "<group>"; };
/* End PBXFileReference section */

/* Begin PBXFrameworksBuildPhase section */
		19360F571C4F08950086E245 /* Frameworks */ = {
			isa = PBXFrameworksBuildPhase;
			buildActionMask = 2147483647;
			files = (
			);
			runOnlyForDeploymentPostprocessing = 0;
		};
		19360F701C4F08950086E245 /* Frameworks */ = {
			isa = PBXFrameworksBuildPhase;
			buildActionMask = 2147483647;
			files = (
			);
			runOnlyForDeploymentPostprocessing = 0;
		};
		19360F7B1C4F08950086E245 /* Frameworks */ = {
			isa = PBXFrameworksBuildPhase;
			buildActionMask = 2147483647;
			files = (
			);
			runOnlyForDeploymentPostprocessing = 0;
		};
/* End PBXFrameworksBuildPhase section */

/* Begin PBXGroup section */
		19360F511C4F08950086E245 = {
			isa = PBXGroup;
			children = (
				19360F5C1C4F08950086E245 /* AcronymFinder */,
				19360F761C4F08950086E245 /* AcronymFinderTests */,
				19360F811C4F08950086E245 /* AcronymFinderUITests */,
				19360F5B1C4F08950086E245 /* Products */,
			);
			sourceTree = "<group>";
		};
		19360F5B1C4F08950086E245 /* Products */ = {
			isa = PBXGroup;
			children = (
				19360F5A1C4F08950086E245 /* AcronymFinder.app */,
				19360F731C4F08950086E245 /* AcronymFinderTests.xctest */,
				19360F7E1C4F08950086E245 /* AcronymFinderUITests.xctest */,
			);
			name = Products;
			sourceTree = "<group>";
		};
		19360F5C1C4F08950086E245 /* AcronymFinder */ = {
			isa = PBXGroup;
			children = (
				19360F601C4F08950086E245 /* AppDelegate.h */,
				19360F611C4F08950086E245 /* AppDelegate.m */,
				19360F631C4F08950086E245 /* ViewController.h */,
				19360F641C4F08950086E245 /* ViewController.m */,
				19360F661C4F08950086E245 /* Main.storyboard */,
				19360F691C4F08950086E245 /* Assets.xcassets */,
				19360F6B1C4F08950086E245 /* LaunchScreen.storyboard */,
				19360F6E1C4F08950086E245 /* Info.plist */,
				19360F5D1C4F08950086E245 /* Supporting Files */,
			);
			path = AcronymFinder;
			sourceTree = "<group>";
		};
		19360F5D1C4F08950086E245 /* Supporting Files */ = {
			isa = PBXGroup;
			children = (
				19360F5E1C4F08950086E245 /* main.m */,
			);
			name = "Supporting Files";
			sourceTree = "<group>";
		};
		19360F761C4F08950086E245 /* AcronymFinderTests */ = {
			isa = PBXGroup;
			children = (
				19360F771C4F08950086E245 /* AcronymFinderTests.m */,
				19360F791C4F08950086E245 /* Info.plist */,
			);
			path = AcronymFinderTests;
			sourceTree = "<group>";
		};
		19360F811C4F08950086E245 /* AcronymFinderUITests */ = {
			isa = PBXGroup;
			children = (
				19360F821C4F08950086E245 /* AcronymFinderUITests.m */,
				19360F841C4F08950086E245 /* Info.plist */,
			);
			path = AcronymFinderUITests;
			sourceTree = "<group>";
		};
/* End PBXGroup section */

/* Begin PBXNativeTarget section */
		19360F591C4F08950086E245 /* AcronymFinder */ = {
			isa = PBXNativeTarget;
			buildConfigurationList = 19360F871C4F08950086E245 /* Build configuration list for PBXNativeTarget "AcronymFinder" */;
			buildPhases = (
				19360F561C4F08950086E245 /* Sources */,
				19360F571C4F08950086E245 /* Frameworks */,
				19360F581C4F08950086E245 /* Resources */,
			);
			buildRules = (
			);
			dependencies = (
			);
			name = AcronymFinder;
			productName = AcronymFinder;
			productReference = 19360F5A1C4F08950086E245 /* AcronymFinder.app */;
			productType = "com.apple.product-type.application";
		};
		19360F721C4F08950086E245 /* AcronymFinderTests */ = {
			isa = PBXNativeTarget;
			buildConfigurationList = 19360F8A1C4F08950086E245 /* Build configuration list for PBXNativeTarget "AcronymFinderTests" */;
			buildPhases = (
				19360F6F1C4F08950086E245 /* Sources */,
				19360F701C4F08950086E245 /* Frameworks */,
				19360F711C4F08950086E245 /* Resources */,
			);
			buildRules = (
			);
			dependencies = (
				19360F751C4F08950086E245 /* PBXTargetDependency */,
			);
			name = AcronymFinderTests;
			productName = AcronymFinderTests;
			productReference = 19360F731C4F08950086E245 /* AcronymFinderTests.xctest */;
			productType = "com.apple.product-type.bundle.unit-test";
		};
		19360F7D1C4F08950086E245 /* AcronymFinderUITests */ = {
			isa = PBXNativeTarget;
			buildConfigurationList = 19360F8D1C4F08950086E245 /* Build configuration list for PBXNativeTarget "AcronymFinderUITests" */;
			buildPhases = (
				19360F7A1C4F08950086E245 /* Sources */,
				19360F7B1C4F08950086E245 /* Frameworks */,
				19360F7C1C4F08950086E245 /* Resources */,
			);
			buildRules = (
			);
			dependencies = (
				19360F801C4F08950086E245 /* PBXTargetDependency */,
			);
			name = AcronymFinderUITests;
			productName = AcronymFinderUITests;
			productReference = 19360F7E1C4F08950086E245 /* AcronymFinderUITests.xctest */;
			productType = "com.apple.product-type.bundle.ui-testing";
		};
/* End PBXNativeTarget section */

/* Begin PBXProject section */
		19360F521C4F08950086E245 /* Project object */ = {
			isa = PBXProject;
			attributes = {
				LastUpgradeCheck = 0700;
				ORGANIZATIONNAME = "Vinodha Sundaramoorthy";
				TargetAttributes = {
					19360F591C4F08950086E245 = {
						CreatedOnToolsVersion = 7.0.1;
					};
					19360F721C4F08950086E245 = {
						CreatedOnToolsVersion = 7.0.1;
						TestTargetID = 19360F591C4F08950086E245;
					};
					19360F7D1C4F08950086E245 = {
						CreatedOnToolsVersion = 7.0.1;
						TestTargetID = 19360F591C4F08950086E245;
					};
				};
			};
			buildConfigurationList = 19360F551C4F08950086E245 /* Build configuration list for PBXProject "AcronymFinder" */;
			compatibilityVersion = "Xcode 3.2";
			developmentRegion = English;
			hasScannedForEncodings = 0;
			knownRegions = (
				en,
				Base,
			);
			mainGroup = 19360F511C4F08950086E245;
			productRefGroup = 19360F5B1C4F08950086E245 /* Products */;
			projectDirPath = "";
			projectRoot = "";
			targets = (
				19360F591C4F08950086E245 /* AcronymFinder */,
				19360F721C4F08950086E245 /* AcronymFinderTests */,
				19360F7D1C4F08950086E245 /* AcronymFinderUITests */,
			);
		};
/* End PBXProject section */

/* Begin PBXResourcesBuildPhase section */
		19360F581C4F08950086E245 /* Resources */ = {
			isa = PBXResourcesBuildPhase;
			buildActionMask = 2147483647;
			files = (
				19360F6D1C4F08950086E245 /* LaunchScreen.storyboard in Resources */,
				19360F6A1C4F08950086E245 /* Assets.xcassets in Resources */,
				19360F681C4F08950086E245 /* Main.storyboard in Resources */,
			);
			runOnlyForDeploymentPostprocessing = 0;
		};
		19360F711C4F08950086E245 /* Resources */ = {
			isa = PBXResourcesBuildPhase;
			buildActionMask = 2147483647;
			files = (
			);
			runOnlyForDeploymentPostprocessing = 0;
		};
		19360F7C1C4F08950086E245 /* Resources */ = {
			isa = PBXResourcesBuildPhase;
			buildActionMask = 2147483647;
			files = (
			);
			runOnlyForDeploymentPostprocessing = 0;
		};
/* End PBXResourcesBuildPhase section */

/* Begin PBXSourcesBuildPhase section */
		19360F561C4F08950086E245 /* Sources */ = {
			isa = PBXSourcesBuildPhase;
			buildActionMask = 2147483647;
			files = (
				19360F651C4F08950086E245 /* ViewController.m in Sources */,
				19360F621C4F08950086E245 /* AppDelegate.m in Sources */,
				19360F5F1C4F08950086E245 /* main.m in Sources */,
			);
			runOnlyForDeploymentPostprocessing = 0;
		};
		19360F6F1C4F08950086E245 /* Sources */ = {
			isa = PBXSourcesBuildPhase;
			buildActionMask = 2147483647;
			files = (
				19360F781C4F08950086E245 /* AcronymFinderTests.m in Sources */,
			);
			runOnlyForDeploymentPostprocessing = 0;
		};
		19360F7A1C4F08950086E245 /* Sources */ = {
			isa = PBXSourcesBuildPhase;
			buildActionMask = 2147483647;
			files = (
				19360F831C4F08950086E245 /* AcronymFinderUITests.m in Sources */,
			);
			runOnlyForDeploymentPostprocessing = 0;
		};
/* End PBXSourcesBuildPhase section */

/* Begin PBXTargetDependency section */
		19360F751C4F08950086E245 /* PBXTargetDependency */ = {
			isa = PBXTargetDependency;
			target = 19360F591C4F08950086E245 /* AcronymFinder */;
			targetProxy = 19360F741C4F08950086E245 /* PBXContainerItemProxy */;
		};
		19360F801C4F08950086E245 /* PBXTargetDependency */ = {
			isa = PBXTargetDependency;
			target = 19360F591C4F08950086E245 /* AcronymFinder */;
			targetProxy = 19360F7F1C4F08950086E245 /* PBXContainerItemProxy */;
		};
/* End PBXTargetDependency section */

/* Begin PBXVariantGroup section */
		19360F661C4F08950086E245 /* Main.storyboard */ = {
			isa = PBXVariantGroup;
			children = (
				19360F671C4F08950086E245 /* Base */,
			);
			name = Main.storyboard;
			sourceTree = "<group>";
		};
		19360F6B1C4F08950086E245 /* LaunchScreen.storyboard */ = {
			isa = PBXVariantGroup;
			children = (
				19360F6C1C4F08950086E245 /* Base */,
			);
			name = LaunchScreen.storyboard;
			sourceTree = "<group>";
		};
/* End PBXVariantGroup section */

/* Begin XCBuildConfiguration section */
		19360F851C4F08950086E245 /* Debug */ = {
			isa = XCBuildConfiguration;
			buildSettings = {
				ALWAYS_SEARCH_USER_PATHS = NO;
				CLANG_CXX_LANGUAGE_STANDARD = "gnu++0x";
				CLANG_CXX_LIBRARY = "libc++";
				CLANG_ENABLE_MODULES = YES;
				CLANG_ENABLE_OBJC_ARC = YES;
				CLANG_WARN_BOOL_CONVERSION = YES;
				CLANG_WARN_CONSTANT_CONVERSION = YES;
				CLANG_WARN_DIRECT_OBJC_ISA_USAGE = YES_ERROR;
				CLANG_WARN_EMPTY_BODY = YES;
				CLANG_WARN_ENUM_CONVERSION = YES;
				CLANG_WARN_INT_CONVERSION = YES;
				CLANG_WARN_OBJC_ROOT_CLASS = YES_ERROR;
				CLANG_WARN_UNREACHABLE_CODE = YES;
				CLANG_WARN__DUPLICATE_METHOD_MATCH = YES;
				"CODE_SIGN_IDENTITY[sdk=iphoneos*]" = "iPhone Developer";
				COPY_PHASE_STRIP = NO;
				DEBUG_INFORMATION_FORMAT = dwarf;
				ENABLE_STRICT_OBJC_MSGSEND = YES;
				ENABLE_TESTABILITY = YES;
				GCC_C_LANGUAGE_STANDARD = gnu99;
				GCC_DYNAMIC_NO_PIC = NO;
				GCC_NO_COMMON_BLOCKS = YES;
				GCC_OPTIMIZATION_LEVEL = 0;
				GCC_PREPROCESSOR_DEFINITIONS = (
					"DEBUG=1",
					"$(inherited)",
				);
				GCC_WARN_64_TO_32_BIT_CONVERSION = YES;
				GCC_WARN_ABOUT_RETURN_TYPE = YES_ERROR;
				GCC_WARN_UNDECLARED_SELECTOR = YES;
				GCC_WARN_UNINITIALIZED_AUTOS = YES_AGGRESSIVE;
				GCC_WARN_UNUSED_FUNCTION = YES;
				GCC_WARN_UNUSED_VARIABLE = YES;
				IPHONEOS_DEPLOYMENT_TARGET = 9.0;
				MTL_ENABLE_DEBUG_INFO = YES;
				ONLY_ACTIVE_ARCH = YES;
				SDKROOT = iphoneos;
				TARGETED_DEVICE_FAMILY = "1,2";
			};
			name = Debug;
		};
		19360F861C4F08950086E245 /* Release */ = {
			isa = XCBuildConfiguration;
			buildSettings = {
				ALWAYS_SEARCH_USER_PATHS = NO;
				CLANG_CXX_LANGUAGE_STANDARD = "gnu++0x";
				CLANG_CXX_LIBRARY = "libc++";
				CLANG_ENABLE_MODULES = YES;
				CLANG_ENABLE_OBJC_ARC = YES;
				CLANG_WARN_BOOL_CONVERSION = YES;
				CLANG_WARN_CONSTANT_CONVERSION = YES;
				CLANG_WARN_DIRECT_OBJC_ISA_USAGE = YES_ERROR;
				CLANG_WARN_EMPTY_BODY = YES;
				CLANG_WARN_ENUM_CONVERSION = YES;
				CLANG_WARN_INT_CONVERSION = YES;
				CLANG_WARN_OBJC_ROOT_CLASS = YES_ERROR;
				CLANG_WARN_UNREACHABLE_CODE = YES;
				CLANG_WARN__DUPLICATE_METHOD_MATCH = YES;
				"CODE_SIGN_IDENTITY[sdk=iphoneos*]" = "iPhone Developer";
				COPY_PHASE_STRIP = NO;
				DEBUG_INFORMATION_FORMAT = "dwarf-with-dsym";
				ENABLE_NS_ASSERTIONS = NO;
				ENABLE_STRICT_OBJC_MSGSEND = YES;
				GCC_C_LANGUAGE_STANDARD = gnu99;
				GCC_NO_COMMON_BLOCKS = YES;
				GCC_WARN_64_TO_32_BIT_CONVERSION = YES;
				GCC_WARN_ABOUT_RETURN_TYPE = YES_ERROR;
				GCC_WARN_UNDECLARED_SELECTOR = YES;
				GCC_WARN_UNINITIALIZED_AUTOS = YES_AGGRESSIVE;
				GCC_WARN_UNUSED_FUNCTION = YES;
				GCC_WARN_UNUSED_VARIABLE = YES;
				IPHONEOS_DEPLOYMENT_TARGET = 9.0;
				MTL_ENABLE_DEBUG_INFO = NO;
				SDKROOT = iphoneos;
				TARGETED_DEVICE_FAMILY = "1,2";
				VALIDATE_PRODUCT = YES;
			};
			name = Release;
		};
		19360F881C4F08950086E245 /* Debug */ = {
			isa = XCBuildConfiguration;
			buildSettings = {
				ASSETCATALOG_COMPILER_APPICON_NAME = AppIcon;
				INFOPLIST_FILE = AcronymFinder/Info.plist;
				LD_RUNPATH_SEARCH_PATHS = "$(inherited) @executable_path/Frameworks";
				PRODUCT_BUNDLE_IDENTIFIER = t.AcronymFinder;
				PRODUCT_NAME = "$(TARGET_NAME)";
			};
			name = Debug;
		};
		19360F891C4F08950086E245 /* Release */ = {
			isa = XCBuildConfiguration;
			buildSettings = {
				ASSETCATALOG_COMPILER_APPICON_NAME = AppIcon;
				INFOPLIST_FILE = AcronymFinder/Info.plist;
				LD_RUNPATH_SEARCH_PATHS = "$(inherited) @executable_path/Frameworks";
				PRODUCT_BUNDLE_IDENTIFIER = t.AcronymFinder;
				PRODUCT_NAME = "$(TARGET_NAME)";
			};
			name = Release;
		};
		19360F8B1C4F08950086E245 /* Debug */ = {
			isa = XCBuildConfiguration;
			buildSettings = {
				BUNDLE_LOADER = "$(TEST_HOST)";
				INFOPLIST_FILE = AcronymFinderTests/Info.plist;
				LD_RUNPATH_SEARCH_PATHS = "$(inherited) @executable_path/Frameworks @loader_path/Frameworks";
				PRODUCT_BUNDLE_IDENTIFIER = t.AcronymFinderTests;
				PRODUCT_NAME = "$(TARGET_NAME)";
				TEST_HOST = "$(BUILT_PRODUCTS_DIR)/AcronymFinder.app/AcronymFinder";
			};
			name = Debug;
		};
		19360F8C1C4F08950086E245 /* Release */ = {
			isa = XCBuildConfiguration;
			buildSettings = {
				BUNDLE_LOADER = "$(TEST_HOST)";
				INFOPLIST_FILE = AcronymFinderTests/Info.plist;
				LD_RUNPATH_SEARCH_PATHS = "$(inherited) @executable_path/Frameworks @loader_path/Frameworks";
				PRODUCT_BUNDLE_IDENTIFIER = t.AcronymFinderTests;
				PRODUCT_NAME = "$(TARGET_NAME)";
				TEST_HOST = "$(BUILT_PRODUCTS_DIR)/AcronymFinder.app/AcronymFinder";
			};
			name = Release;
		};
		19360F8E1C4F08950086E245 /* Debug */ = {
			isa = XCBuildConfiguration;
			buildSettings = {
				INFOPLIST_FILE = AcronymFinderUITests/Info.plist;
				LD_RUNPATH_SEARCH_PATHS = "$(inherited) @executable_path/Frameworks @loader_path/Frameworks";
				PRODUCT_BUNDLE_IDENTIFIER = t.AcronymFinderUITests;
				PRODUCT_NAME = "$(TARGET_NAME)";
				TEST_TARGET_NAME = AcronymFinder;
				USES_XCTRUNNER = YES;
			};
			name = Debug;
		};
		19360F8F1C4F08950086E245 /* Release */ = {
			isa = XCBuildConfiguration;
			buildSettings = {
				INFOPLIST_FILE = AcronymFinderUITests/Info.plist;
				LD_RUNPATH_SEARCH_PATHS = "$(inherited) @executable_path/Frameworks @loader_path/Frameworks";
				PRODUCT_BUNDLE_IDENTIFIER = t.AcronymFinderUITests;
				PRODUCT_NAME = "$(TARGET_NAME)";
				TEST_TARGET_NAME = AcronymFinder;
				USES_XCTRUNNER = YES;
			};
			name = Release;
		};
/* End XCBuildConfiguration section */

/* Begin XCConfigurationList section */
		19360F551C4F08950086E245 /* Build configuration list for PBXProject "AcronymFinder" */ = {
			isa = XCConfigurationList;
			buildConfigurations = (
				19360F851C4F08950086E245 /* Debug */,
				19360F861C4F08950086E245 /* Release */,
			);
			defaultConfigurationIsVisible = 0;
			defaultConfigurationName = Release;
		};
		19360F871C4F08950086E245 /* Build configuration list for PBXNativeTarget "AcronymFinder" */ = {
			isa = XCConfigurationList;
			buildConfigurations = (
				19360F881C4F08950086E245 /* Debug */,
				19360F891C4F08950086E245 /* Release */,
			);
			defaultConfigurationIsVisible = 0;
		};
		19360F8A1C4F08950086E245 /* Build configuration list for PBXNativeTarget "AcronymFinderTests" */ = {
			isa = XCConfigurationList;
			buildConfigurations = (
				19360F8B1C4F08950086E245 /* Debug */,
				19360F8C1C4F08950086E245 /* Release */,
			);
			defaultConfigurationIsVisible = 0;
		};
		19360F8D1C4F08950086E245 /* Build configuration list for PBXNativeTarget "AcronymFinderUITests" */ = {
			isa = XCConfigurationList;
			buildConfigurations = (
				19360F8E1C4F08950086E245 /* Debug */,
				19360F8F1C4F08950086E245 /* Release */,
			);
			defaultConfigurationIsVisible = 0;
		};
/* End XCConfigurationList section */
	};
	rootObject = 19360F521C4F08950086E245 /* Project object */;
}
